// !$*UTF8*$!
{
	archiveVersion = 1;
	classes = {
	};
	objectVersion = 56;
	objects = {

/* Begin PBXBuildFile section */
		260BFD392B4C6CFD00A9D5C2 /* MemeCreatorApp.swift in Sources */ = {isa = PBXBuildFile; fileRef = 260BFD382B4C6CFD00A9D5C2 /* MemeCreatorApp.swift */; };
		260BFD3B2B4C6CFD00A9D5C2 /* ContentView.swift in Sources */ = {isa = PBXBuildFile; fileRef = 260BFD3A2B4C6CFD00A9D5C2 /* ContentView.swift */; };
		260BFD3D2B4C6CFF00A9D5C2 /* Assets.xcassets in Resources */ = {isa = PBXBuildFile; fileRef = 260BFD3C2B4C6CFF00A9D5C2 /* Assets.xcassets */; };
		260BFD402B4C6CFF00A9D5C2 /* Preview Assets.xcassets in Resources */ = {isa = PBXBuildFile; fileRef = 260BFD3F2B4C6CFF00A9D5C2 /* Preview Assets.xcassets */; };
		260BFD472B4C6DAA00A9D5C2 /* PandaModel.swift in Sources */ = {isa = PBXBuildFile; fileRef = 260BFD462B4C6DAA00A9D5C2 /* PandaModel.swift */; };
		260BFD492B4C6E7B00A9D5C2 /* PandaCollectionFetcher.swift in Sources */ = {isa = PBXBuildFile; fileRef = 260BFD482B4C6E7B00A9D5C2 /* PandaCollectionFetcher.swift */; };
		260BFD4B2B4C706300A9D5C2 /* LoadableImage.swift in Sources */ = {isa = PBXBuildFile; fileRef = 260BFD4A2B4C706300A9D5C2 /* LoadableImage.swift */; };
		260BFD4D2B4C71D000A9D5C2 /* MemeCreator.swift in Sources */ = {isa = PBXBuildFile; fileRef = 260BFD4C2B4C71D000A9D5C2 /* MemeCreator.swift */; };
/* End PBXBuildFile section */

/* Begin PBXFileReference section */
		260BFD352B4C6CFD00A9D5C2 /* MemeCreator.app */ = {isa = PBXFileReference; explicitFileType = wrapper.application; includeInIndex = 0; path = MemeCreator.app; sourceTree = BUILT_PRODUCTS_DIR; };
		260BFD382B4C6CFD00A9D5C2 /* MemeCreatorApp.swift */ = {isa = PBXFileReference; lastKnownFileType = sourcecode.swift; path = MemeCreatorApp.swift; sourceTree = "<group>"; };
		260BFD3A2B4C6CFD00A9D5C2 /* ContentView.swift */ = {isa = PBXFileReference; lastKnownFileType = sourcecode.swift; path = ContentView.swift; sourceTree = "<group>"; };
		260BFD3C2B4C6CFF00A9D5C2 /* Assets.xcassets */ = {isa = PBXFileReference; lastKnownFileType = folder.assetcatalog; path = Assets.xcassets; sourceTree = "<group>"; };
		260BFD3F2B4C6CFF00A9D5C2 /* Preview Assets.xcassets */ = {isa = PBXFileReference; lastKnownFileType = folder.assetcatalog; path = "Preview Assets.xcassets"; sourceTree = "<group>"; };
		260BFD462B4C6DAA00A9D5C2 /* PandaModel.swift */ = {isa = PBXFileReference; lastKnownFileType = sourcecode.swift; path = PandaModel.swift; sourceTree = "<group>"; };
		260BFD482B4C6E7B00A9D5C2 /* PandaCollectionFetcher.swift */ = {isa = PBXFileReference; lastKnownFileType = sourcecode.swift; path = PandaCollectionFetcher.swift; sourceTree = "<group>"; };
		260BFD4A2B4C706300A9D5C2 /* LoadableImage.swift */ = {isa = PBXFileReference; lastKnownFileType = sourcecode.swift; path = LoadableImage.swift; sourceTree = "<group>"; };
		260BFD4C2B4C71D000A9D5C2 /* MemeCreator.swift */ = {isa = PBXFileReference; lastKnownFileType = sourcecode.swift; path = MemeCreator.swift; sourceTree = "<group>"; };
/* End PBXFileReference section */

/* Begin PBXFrameworksBuildPhase section */
		260BFD322B4C6CFD00A9D5C2 /* Frameworks */ = {
			isa = PBXFrameworksBuildPhase;
			buildActionMask = 2147483647;
			files = (
			);
			runOnlyForDeploymentPostprocessing = 0;
		};
/* End PBXFrameworksBuildPhase section */

/* Begin PBXGroup section */
		260BFD2C2B4C6CFD00A9D5C2 = {
			isa = PBXGroup;
			children = (
				260BFD372B4C6CFD00A9D5C2 /* MemeCreator */,
				260BFD362B4C6CFD00A9D5C2 /* Products */,
			);
			sourceTree = "<group>";
		};
		260BFD362B4C6CFD00A9D5C2 /* Products */ = {
			isa = PBXGroup;
			children = (
				260BFD352B4C6CFD00A9D5C2 /* MemeCreator.app */,
			);
			name = Products;
			sourceTree = "<group>";
		};
		260BFD372B4C6CFD00A9D5C2 /* MemeCreator */ = {
			isa = PBXGroup;
			children = (
				260BFD382B4C6CFD00A9D5C2 /* MemeCreatorApp.swift */,
				260BFD3A2B4C6CFD00A9D5C2 /* ContentView.swift */,
				260BFD3C2B4C6CFF00A9D5C2 /* Assets.xcassets */,
				260BFD3E2B4C6CFF00A9D5C2 /* Preview Content */,
				260BFD462B4C6DAA00A9D5C2 /* PandaModel.swift */,
				260BFD482B4C6E7B00A9D5C2 /* PandaCollectionFetcher.swift */,
				260BFD4A2B4C706300A9D5C2 /* LoadableImage.swift */,
				260BFD4C2B4C71D000A9D5C2 /* MemeCreator.swift */,
			);
			path = MemeCreator;
			sourceTree = "<group>";
		};
		260BFD3E2B4C6CFF00A9D5C2 /* Preview Content */ = {
			isa = PBXGroup;
			children = (
				260BFD3F2B4C6CFF00A9D5C2 /* Preview Assets.xcassets */,
			);
			path = "Preview Content";
			sourceTree = "<group>";
		};
/* End PBXGroup section */

/* Begin PBXNativeTarget section */
		260BFD342B4C6CFD00A9D5C2 /* MemeCreator */ = {
			isa = PBXNativeTarget;
			buildConfigurationList = 260BFD432B4C6CFF00A9D5C2 /* Build configuration list for PBXNativeTarget "MemeCreator" */;
			buildPhases = (
				260BFD312B4C6CFD00A9D5C2 /* Sources */,
				260BFD322B4C6CFD00A9D5C2 /* Frameworks */,
				260BFD332B4C6CFD00A9D5C2 /* Resources */,
			);
			buildRules = (
			);
			dependencies = (
			);
			name = MemeCreator;
			productName = MemeCreator;
			productReference = 260BFD352B4C6CFD00A9D5C2 /* MemeCreator.app */;
			productType = "com.apple.product-type.application";
		};
/* End PBXNativeTarget section */

/* Begin PBXProject section */
		260BFD2D2B4C6CFD00A9D5C2 /* Project object */ = {
			isa = PBXProject;
			attributes = {
				BuildIndependentTargetsInParallel = 1;
				LastSwiftUpdateCheck = 1510;
				LastUpgradeCheck = 1510;
				TargetAttributes = {
					260BFD342B4C6CFD00A9D5C2 = {
						CreatedOnToolsVersion = 15.1;
					};
				};
			};
			buildConfigurationList = 260BFD302B4C6CFD00A9D5C2 /* Build configuration list for PBXProject "MemeCreator" */;
			compatibilityVersion = "Xcode 14.0";
			developmentRegion = en;
			hasScannedForEncodings = 0;
			knownRegions = (
				en,
				Base,
			);
			mainGroup = 260BFD2C2B4C6CFD00A9D5C2;
			productRefGroup = 260BFD362B4C6CFD00A9D5C2 /* Products */;
			projectDirPath = "";
			projectRoot = "";
			targets = (
				260BFD342B4C6CFD00A9D5C2 /* MemeCreator */,
			);
		};
/* End PBXProject section */

/* Begin PBXResourcesBuildPhase section */
		260BFD332B4C6CFD00A9D5C2 /* Resources */ = {
			isa = PBXResourcesBuildPhase;
			buildActionMask = 2147483647;
			files = (
				260BFD402B4C6CFF00A9D5C2 /* Preview Assets.xcassets in Resources */,
				260BFD3D2B4C6CFF00A9D5C2 /* Assets.xcassets in Resources */,
			);
			runOnlyForDeploymentPostprocessing = 0;
		};
/* End PBXResourcesBuildPhase section */

/* Begin PBXSourcesBuildPhase section */
		260BFD312B4C6CFD00A9D5C2 /* Sources */ = {
			isa = PBXSourcesBuildPhase;
			buildActionMask = 2147483647;
			files = (
				260BFD492B4C6E7B00A9D5C2 /* PandaCollectionFetcher.swift in Sources */,
				260BFD3B2B4C6CFD00A9D5C2 /* ContentView.swift in Sources */,
				260BFD4D2B4C71D000A9D5C2 /* MemeCreator.swift in Sources */,
				260BFD472B4C6DAA00A9D5C2 /* PandaModel.swift in Sources */,
				260BFD392B4C6CFD00A9D5C2 /* MemeCreatorApp.swift in Sources */,
				260BFD4B2B4C706300A9D5C2 /* LoadableImage.swift in Sources */,
			);
			runOnlyForDeploymentPostprocessing = 0;
		};
/* End PBXSourcesBuildPhase section */

/* Begin XCBuildConfiguration section */
		260BFD412B4C6CFF00A9D5C2 /* Debug */ = {
			isa = XCBuildConfiguration;
			buildSettings = {
				ALWAYS_SEARCH_USER_PATHS = NO;
				ASSETCATALOG_COMPILER_GENERATE_SWIFT_ASSET_SYMBOL_EXTENSIONS = YES;
				CLANG_ANALYZER_NONNULL = YES;
				CLANG_ANALYZER_NUMBER_OBJECT_CONVERSION = YES_AGGRESSIVE;
				CLANG_CXX_LANGUAGE_STANDARD = "gnu++20";
				CLANG_ENABLE_MODULES = YES;
				CLANG_ENABLE_OBJC_ARC = YES;
				CLANG_ENABLE_OBJC_WEAK = YES;
				CLANG_WARN_BLOCK_CAPTURE_AUTORELEASING = YES;
				CLANG_WARN_BOOL_CONVERSION = YES;
				CLANG_WARN_COMMA = YES;
				CLANG_WARN_CONSTANT_CONVERSION = YES;
				CLANG_WARN_DEPRECATED_OBJC_IMPLEMENTATIONS = YES;
				CLANG_WARN_DIRECT_OBJC_ISA_USAGE = YES_ERROR;
				CLANG_WARN_DOCUMENTATION_COMMENTS = YES;
				CLANG_WARN_EMPTY_BODY = YES;
				CLANG_WARN_ENUM_CONVERSION = YES;
				CLANG_WARN_INFINITE_RECURSION = YES;
				CLANG_WARN_INT_CONVERSION = YES;
				CLANG_WARN_NON_LITERAL_NULL_CONVERSION = YES;
				CLANG_WARN_OBJC_IMPLICIT_RETAIN_SELF = YES;
				CLANG_WARN_OBJC_LITERAL_CONVERSION = YES;
				CLANG_WARN_OBJC_ROOT_CLASS = YES_ERROR;
				CLANG_WARN_QUOTED_INCLUDE_IN_FRAMEWORK_HEADER = YES;
				CLANG_WARN_RANGE_LOOP_ANALYSIS = YES;
				CLANG_WARN_STRICT_PROTOTYPES = YES;
				CLANG_WARN_SUSPICIOUS_MOVE = YES;
				CLANG_WARN_UNGUARDED_AVAILABILITY = YES_AGGRESSIVE;
				CLANG_WARN_UNREACHABLE_CODE = YES;
				CLANG_WARN__DUPLICATE_METHOD_MATCH = YES;
				COPY_PHASE_STRIP = NO;
				DEBUG_INFORMATION_FORMAT = dwarf;
				ENABLE_STRICT_OBJC_MSGSEND = YES;
				ENABLE_TESTABILITY = YES;
				ENABLE_USER_SCRIPT_SANDBOXING = YES;
				GCC_C_LANGUAGE_STANDARD = gnu17;
				GCC_DYNAMIC_NO_PIC = NO;
				GCC_NO_COMMON_BLOCKS = YES;
				GCC_OPTIMIZATION_LEVEL = 0;
				GCC_PREPROCESSOR_DEFINITIONS = (
					"DEBUG=1",
					"$(inherited)",
				);
				GCC_WARN_64_TO_32_BIT_CONVERSION = YES;
				GCC_WARN_ABOUT_RETURN_TYPE = YES_ERROR;
				GCC_WARN_UNDECLARED_SELECTOR = YES;
				GCC_WARN_UNINITIALIZED_AUTOS = YES_AGGRESSIVE;
				GCC_WARN_UNUSED_FUNCTION = YES;
				GCC_WARN_UNUSED_VARIABLE = YES;
				IPHONEOS_DEPLOYMENT_TARGET = 17.2;
				LOCALIZATION_PREFERS_STRING_CATALOGS = YES;
				MTL_ENABLE_DEBUG_INFO = INCLUDE_SOURCE;
				MTL_FAST_MATH = YES;
				ONLY_ACTIVE_ARCH = YES;
				SDKROOT = iphoneos;
				SWIFT_ACTIVE_COMPILATION_CONDITIONS = "DEBUG $(inherited)";
				SWIFT_OPTIMIZATION_LEVEL = "-Onone";
			};
			name = Debug;
		};
		260BFD422B4C6CFF00A9D5C2 /* Release */ = {
			isa = XCBuildConfiguration;
			buildSettings = {
				ALWAYS_SEARCH_USER_PATHS = NO;
				ASSETCATALOG_COMPILER_GENERATE_SWIFT_ASSET_SYMBOL_EXTENSIONS = YES;
				CLANG_ANALYZER_NONNULL = YES;
				CLANG_ANALYZER_NUMBER_OBJECT_CONVERSION = YES_AGGRESSIVE;
				CLANG_CXX_LANGUAGE_STANDARD = "gnu++20";
				CLANG_ENABLE_MODULES = YES;
				CLANG_ENABLE_OBJC_ARC = YES;
				CLANG_ENABLE_OBJC_WEAK = YES;
				CLANG_WARN_BLOCK_CAPTURE_AUTORELEASING = YES;
				CLANG_WARN_BOOL_CONVERSION = YES;
				CLANG_WARN_COMMA = YES;
				CLANG_WARN_CONSTANT_CONVERSION = YES;
				CLANG_WARN_DEPRECATED_OBJC_IMPLEMENTATIONS = YES;
				CLANG_WARN_DIRECT_OBJC_ISA_USAGE = YES_ERROR;
				CLANG_WARN_DOCUMENTATION_COMMENTS = YES;
				CLANG_WARN_EMPTY_BODY = YES;
				CLANG_WARN_ENUM_CONVERSION = YES;
				CLANG_WARN_INFINITE_RECURSION = YES;
				CLANG_WARN_INT_CONVERSION = YES;
				CLANG_WARN_NON_LITERAL_NULL_CONVERSION = YES;
				CLANG_WARN_OBJC_IMPLICIT_RETAIN_SELF = YES;
				CLANG_WARN_OBJC_LITERAL_CONVERSION = YES;
				CLANG_WARN_OBJC_ROOT_CLASS = YES_ERROR;
				CLANG_WARN_QUOTED_INCLUDE_IN_FRAMEWORK_HEADER = YES;
				CLANG_WARN_RANGE_LOOP_ANALYSIS = YES;
				CLANG_WARN_STRICT_PROTOTYPES = YES;
				CLANG_WARN_SUSPICIOUS_MOVE = YES;
				CLANG_WARN_UNGUARDED_AVAILABILITY = YES_AGGRESSIVE;
				CLANG_WARN_UNREACHABLE_CODE = YES;
				CLANG_WARN__DUPLICATE_METHOD_MATCH = YES;
				COPY_PHASE_STRIP = NO;
				DEBUG_INFORMATION_FORMAT = "dwarf-with-dsym";
				ENABLE_NS_ASSERTIONS = NO;
				ENABLE_STRICT_OBJC_MSGSEND = YES;
				ENABLE_USER_SCRIPT_SANDBOXING = YES;
				GCC_C_LANGUAGE_STANDARD = gnu17;
				GCC_NO_COMMON_BLOCKS = YES;
				GCC_WARN_64_TO_32_BIT_CONVERSION = YES;
				GCC_WARN_ABOUT_RETURN_TYPE = YES_ERROR;
				GCC_WARN_UNDECLARED_SELECTOR = YES;
				GCC_WARN_UNINITIALIZED_AUTOS = YES_AGGRESSIVE;
				GCC_WARN_UNUSED_FUNCTION = YES;
				GCC_WARN_UNUSED_VARIABLE = YES;
				IPHONEOS_DEPLOYMENT_TARGET = 17.2;
				LOCALIZATION_PREFERS_STRING_CATALOGS = YES;
				MTL_ENABLE_DEBUG_INFO = NO;
				MTL_FAST_MATH = YES;
				SDKROOT = iphoneos;
				SWIFT_COMPILATION_MODE = wholemodule;
				VALIDATE_PRODUCT = YES;
			};
			name = Release;
		};
		260BFD442B4C6CFF00A9D5C2 /* Debug */ = {
			isa = XCBuildConfiguration;
			buildSettings = {
				ASSETCATALOG_COMPILER_APPICON_NAME = AppIcon;
				ASSETCATALOG_COMPILER_GLOBAL_ACCENT_COLOR_NAME = AccentColor;
				CODE_SIGN_STYLE = Automatic;
				CURRENT_PROJECT_VERSION = 1;
				DEVELOPMENT_ASSET_PATHS = "\"MemeCreator/Preview Content\"";
				ENABLE_PREVIEWS = YES;
				GENERATE_INFOPLIST_FILE = YES;
				INFOPLIST_KEY_UIApplicationSceneManifest_Generation = YES;
				INFOPLIST_KEY_UIApplicationSupportsIndirectInputEvents = YES;
				INFOPLIST_KEY_UILaunchScreen_Generation = YES;
				INFOPLIST_KEY_UISupportedInterfaceOrientations_iPad = "UIInterfaceOrientationPortrait UIInterfaceOrientationPortraitUpsideDown UIInterfaceOrientationLandscapeLeft UIInterfaceOrientationLandscapeRight";
				INFOPLIST_KEY_UISupportedInterfaceOrientations_iPhone = "UIInterfaceOrientationPortrait UIInterfaceOrientationLandscapeLeft UIInterfaceOrientationLandscapeRight";
				LD_RUNPATH_SEARCH_PATHS = (
					"$(inherited)",
					"@executable_path/Frameworks",
				);
				MARKETING_VERSION = 1.0;
				PRODUCT_BUNDLE_IDENTIFIER = br.com.paladinos.lofy.MemeCreator;
				PRODUCT_NAME = "$(TARGET_NAME)";
				SWIFT_EMIT_LOC_STRINGS = YES;
				SWIFT_VERSION = 5.0;
				TARGETED_DEVICE_FAMILY = "1,2";
			};
			name = Debug;
		};
		260BFD452B4C6CFF00A9D5C2 /* Release */ = {
			isa = XCBuildConfiguration;
			buildSettings = {
				ASSETCATALOG_COMPILER_APPICON_NAME = AppIcon;
				ASSETCATALOG_COMPILER_GLOBAL_ACCENT_COLOR_NAME = AccentColor;
				CODE_SIGN_STYLE = Automatic;
				CURRENT_PROJECT_VERSION = 1;
				DEVELOPMENT_ASSET_PATHS = "\"MemeCreator/Preview Content\"";
				ENABLE_PREVIEWS = YES;
				GENERATE_INFOPLIST_FILE = YES;
				INFOPLIST_KEY_UIApplicationSceneManifest_Generation = YES;
				INFOPLIST_KEY_UIApplicationSupportsIndirectInputEvents = YES;
				INFOPLIST_KEY_UILaunchScreen_Generation = YES;
				INFOPLIST_KEY_UISupportedInterfaceOrientations_iPad = "UIInterfaceOrientationPortrait UIInterfaceOrientationPortraitUpsideDown UIInterfaceOrientationLandscapeLeft UIInterfaceOrientationLandscapeRight";
				INFOPLIST_KEY_UISupportedInterfaceOrientations_iPhone = "UIInterfaceOrientationPortrait UIInterfaceOrientationLandscapeLeft UIInterfaceOrientationLandscapeRight";
				LD_RUNPATH_SEARCH_PATHS = (
					"$(inherited)",
					"@executable_path/Frameworks",
				);
				MARKETING_VERSION = 1.0;
				PRODUCT_BUNDLE_IDENTIFIER = br.com.paladinos.lofy.MemeCreator;
				PRODUCT_NAME = "$(TARGET_NAME)";
				SWIFT_EMIT_LOC_STRINGS = YES;
				SWIFT_VERSION = 5.0;
				TARGETED_DEVICE_FAMILY = "1,2";
			};
			name = Release;
		};
/* End XCBuildConfiguration section */

/* Begin XCConfigurationList section */
		260BFD302B4C6CFD00A9D5C2 /* Build configuration list for PBXProject "MemeCreator" */ = {
			isa = XCConfigurationList;
			buildConfigurations = (
				260BFD412B4C6CFF00A9D5C2 /* Debug */,
				260BFD422B4C6CFF00A9D5C2 /* Release */,
			);
			defaultConfigurationIsVisible = 0;
			defaultConfigurationName = Release;
		};
		260BFD432B4C6CFF00A9D5C2 /* Build configuration list for PBXNativeTarget "MemeCreator" */ = {
			isa = XCConfigurationList;
			buildConfigurations = (
				260BFD442B4C6CFF00A9D5C2 /* Debug */,
				260BFD452B4C6CFF00A9D5C2 /* Release */,
			);
			defaultConfigurationIsVisible = 0;
			defaultConfigurationName = Release;
		};
/* End XCConfigurationList section */
	};
	rootObject = 260BFD2D2B4C6CFD00A9D5C2 /* Project object */;
}
